
Microsoft Visual Studio Solution File, Format Version 12.00
# Visual Studio 14
VisualStudioVersion = 14.0.25420.1
MinimumVisualStudioVersion = 10.0.40219.1
Project("{FAE04EC0-301F-11D3-BF4B-00C04F79EFBC}") = "CargoTrackingApplication", "CargoTrackingApplication\CargoTrackingApplication.csproj", "{EFE00B8D-018C-4ADE-8396-5B751D8EAFD0}"
EndProject
Project("{FAE04EC0-301F-11D3-BF4B-00C04F79EFBC}") = "CargoTrackingApplication.Tests", "CargoTrackingApplication.Tests\CargoTrackingApplication.Tests.csproj", "{E74DB18B-0B5A-4A3D-B52D-837DF4D8A64B}"
EndProject
Global
	GlobalSection(SolutionConfigurationPlatforms) = preSolution
		Debug|Any CPU = Debug|Any CPU
		Release|Any CPU = Release|Any CPU
	EndGlobalSection
	GlobalSection(ProjectConfigurationPlatforms) = postSolution
		{EFE00B8D-018C-4ADE-8396-5B751D8EAFD0}.Debug|Any CPU.ActiveCfg = Debug|Any CPU
		{EFE00B8D-018C-4ADE-8396-5B751D8EAFD0}.Debug|Any CPU.Build.0 = Debug|Any CPU
		{EFE00B8D-018C-4ADE-8396-5B751D8EAFD0}.Release|Any CPU.ActiveCfg = Release|Any CPU
		{EFE00B8D-018C-4ADE-8396-5B751D8EAFD0}.Release|Any CPU.Build.0 = Release|Any CPU
		{E74DB18B-0B5A-4A3D-B52D-837DF4D8A64B}.Debug|Any CPU.ActiveCfg = Debug|Any CPU
		{E74DB18B-0B5A-4A3D-B52D-837DF4D8A64B}.Debug|Any CPU.Build.0 = Debug|Any CPU
		{E74DB18B-0B5A-4A3D-B52D-837DF4D8A64B}.Release|Any CPU.ActiveCfg = Release|Any CPU
		{E74DB18B-0B5A-4A3D-B52D-837DF4D8A64B}.Release|Any CPU.Build.0 = Release|Any CPU
	EndGlobalSection
	GlobalSection(SolutionProperties) = preSolution
		HideSolutionNode = FALSE
	EndGlobalSection
EndGlobal
